
Microsoft Visual Studio Solution File, Format Version 12.00
# Visual Studio Version 16
VisualStudioVersion = 16.0.29215.179
MinimumVisualStudioVersion = 10.0.40219.1
Project("{FAE04EC0-301F-11D3-BF4B-00C04F79EFBC}") = "mswanson1b1", "mswanson17301b1\mswanson1b1.csproj", "{F4F7323A-3BCD-4B04-BD8F-E7B226E34954}"
EndProject
Project("{FAE04EC0-301F-11D3-BF4B-00C04F79EFBC}") = "mswanson1c1", "mswanson1c1\mswanson1c1.csproj", "{8A9D848F-8E9E-4742-8BA0-BFD07D3A8C8E}"
EndProject
Project("{FAE04EC0-301F-11D3-BF4B-00C04F79EFBC}") = "mswanson1d1", "mswanson1d1\mswanson1d1.csproj", "{47023F0A-46D4-4A76-B666-5D2A1C7C7DAE}"
EndProject
Project("{FAE04EC0-301F-11D3-BF4B-00C04F79EFBC}") = "mswanson1e1", "mswanson1e1\mswanson1e1.csproj", "{16D66315-9899-4F28-9565-741BFD8AA159}"
EndProject
Project("{FAE04EC0-301F-11D3-BF4B-00C04F79EFBC}") = "mswanson1f1", "swanson1f1\mswanson1f1.csproj", "{B00FD34D-2EC3-4348-87B9-59ACDD82AF59}"
EndProject
Project("{FAE04EC0-301F-11D3-BF4B-00C04F79EFBC}") = "mswanson1g1", "mswanson1g1\mswanson1g1.csproj", "{F6B4974B-AF3D-495C-86D4-6413095DD4EB}"
EndProject
Project("{FAE04EC0-301F-11D3-BF4B-00C04F79EFBC}") = "variableTest", "variableTest\variableTest.csproj", "{547FBDAD-DB58-46DD-8EDD-214D2E47F135}"
EndProject
Project("{FAE04EC0-301F-11D3-BF4B-00C04F79EFBC}") = "mswanson2a1", "mswanson2a1\mswanson2a1.csproj", "{52B6DCD1-F499-408D-BC0B-55F39DAF0BD2}"
EndProject
Project("{FAE04EC0-301F-11D3-BF4B-00C04F79EFBC}") = "mswanson2b1", "mswanson2b1\mswanson2b1.csproj", "{5BFADD2C-A87F-41D9-9D12-1B6E713575AF}"
EndProject
Project("{FAE04EC0-301F-11D3-BF4B-00C04F79EFBC}") = "mswanson2c1", "mswanson2c1\mswanson2c1.csproj", "{459F15D1-623F-4EC3-9A2C-FFD27AAA6AAA}"
EndProject
Project("{FAE04EC0-301F-11D3-BF4B-00C04F79EFBC}") = "mswanson2d1", "mswanson2d1\mswanson2d1.csproj", "{085C9491-6B1A-4D15-9DEC-A13EB7272756}"
EndProject
Project("{FAE04EC0-301F-11D3-BF4B-00C04F79EFBC}") = "mswanson2e1", "mswanson2e1\mswanson2e1.csproj", "{0F35FEC6-B09D-437A-B1CD-BD00BF713A33}"
EndProject
Project("{FAE04EC0-301F-11D3-BF4B-00C04F79EFBC}") = "mswanson2e1UnitTests", "mswanson2e1UnitTests\mswanson2e1UnitTests.csproj", "{AC1FBAA5-021B-4A16-B806-A5A95C9687C9}"
EndProject
Project("{FAE04EC0-301F-11D3-BF4B-00C04F79EFBC}") = "mswanson2f1", "mswanson2f1\mswanson2f1.csproj", "{5936871B-D013-4946-AA7C-380F12077DDD}"
EndProject
Project("{FAE04EC0-301F-11D3-BF4B-00C04F79EFBC}") = "mswanson2f1UnitTests", "mswanson2f1UnitTests\mswanson2f1UnitTests.csproj", "{F1BEAEB3-084C-4484-8BF4-DDD0BF22FC22}"
EndProject
Project("{FAE04EC0-301F-11D3-BF4B-00C04F79EFBC}") = "mswanson2g1", "mswanson2g1\mswanson2g1.csproj", "{16417943-9C10-46B9-84BD-F5DC243DDCB9}"
EndProject
Project("{FAE04EC0-301F-11D3-BF4B-00C04F79EFBC}") = "mswanson2g1UnitTest", "mswanson2g1UnitTest\mswanson2g1UnitTest.csproj", "{DCBAF2A4-7D98-42E4-B00B-B463AE0773A6}"
EndProject
Global
	GlobalSection(SolutionConfigurationPlatforms) = preSolution
		Debug|Any CPU = Debug|Any CPU
		Release|Any CPU = Release|Any CPU
	EndGlobalSection
	GlobalSection(ProjectConfigurationPlatforms) = postSolution
		{F4F7323A-3BCD-4B04-BD8F-E7B226E34954}.Debug|Any CPU.ActiveCfg = Debug|Any CPU
		{F4F7323A-3BCD-4B04-BD8F-E7B226E34954}.Debug|Any CPU.Build.0 = Debug|Any CPU
		{F4F7323A-3BCD-4B04-BD8F-E7B226E34954}.Release|Any CPU.ActiveCfg = Release|Any CPU
		{F4F7323A-3BCD-4B04-BD8F-E7B226E34954}.Release|Any CPU.Build.0 = Release|Any CPU
		{8A9D848F-8E9E-4742-8BA0-BFD07D3A8C8E}.Debug|Any CPU.ActiveCfg = Debug|Any CPU
		{8A9D848F-8E9E-4742-8BA0-BFD07D3A8C8E}.Debug|Any CPU.Build.0 = Debug|Any CPU
		{8A9D848F-8E9E-4742-8BA0-BFD07D3A8C8E}.Release|Any CPU.ActiveCfg = Release|Any CPU
		{8A9D848F-8E9E-4742-8BA0-BFD07D3A8C8E}.Release|Any CPU.Build.0 = Release|Any CPU
		{47023F0A-46D4-4A76-B666-5D2A1C7C7DAE}.Debug|Any CPU.ActiveCfg = Debug|Any CPU
		{47023F0A-46D4-4A76-B666-5D2A1C7C7DAE}.Debug|Any CPU.Build.0 = Debug|Any CPU
		{47023F0A-46D4-4A76-B666-5D2A1C7C7DAE}.Release|Any CPU.ActiveCfg = Release|Any CPU
		{47023F0A-46D4-4A76-B666-5D2A1C7C7DAE}.Release|Any CPU.Build.0 = Release|Any CPU
		{16D66315-9899-4F28-9565-741BFD8AA159}.Debug|Any CPU.ActiveCfg = Debug|Any CPU
		{16D66315-9899-4F28-9565-741BFD8AA159}.Debug|Any CPU.Build.0 = Debug|Any CPU
		{16D66315-9899-4F28-9565-741BFD8AA159}.Release|Any CPU.ActiveCfg = Release|Any CPU
		{16D66315-9899-4F28-9565-741BFD8AA159}.Release|Any CPU.Build.0 = Release|Any CPU
		{B00FD34D-2EC3-4348-87B9-59ACDD82AF59}.Debug|Any CPU.ActiveCfg = Debug|Any CPU
		{B00FD34D-2EC3-4348-87B9-59ACDD82AF59}.Debug|Any CPU.Build.0 = Debug|Any CPU
		{B00FD34D-2EC3-4348-87B9-59ACDD82AF59}.Release|Any CPU.ActiveCfg = Release|Any CPU
		{B00FD34D-2EC3-4348-87B9-59ACDD82AF59}.Release|Any CPU.Build.0 = Release|Any CPU
		{F6B4974B-AF3D-495C-86D4-6413095DD4EB}.Debug|Any CPU.ActiveCfg = Debug|Any CPU
		{F6B4974B-AF3D-495C-86D4-6413095DD4EB}.Debug|Any CPU.Build.0 = Debug|Any CPU
		{F6B4974B-AF3D-495C-86D4-6413095DD4EB}.Release|Any CPU.ActiveCfg = Release|Any CPU
		{F6B4974B-AF3D-495C-86D4-6413095DD4EB}.Release|Any CPU.Build.0 = Release|Any CPU
		{547FBDAD-DB58-46DD-8EDD-214D2E47F135}.Debug|Any CPU.ActiveCfg = Debug|Any CPU
		{547FBDAD-DB58-46DD-8EDD-214D2E47F135}.Debug|Any CPU.Build.0 = Debug|Any CPU
		{547FBDAD-DB58-46DD-8EDD-214D2E47F135}.Release|Any CPU.ActiveCfg = Release|Any CPU
		{547FBDAD-DB58-46DD-8EDD-214D2E47F135}.Release|Any CPU.Build.0 = Release|Any CPU
		{52B6DCD1-F499-408D-BC0B-55F39DAF0BD2}.Debug|Any CPU.ActiveCfg = Debug|Any CPU
		{52B6DCD1-F499-408D-BC0B-55F39DAF0BD2}.Debug|Any CPU.Build.0 = Debug|Any CPU
		{52B6DCD1-F499-408D-BC0B-55F39DAF0BD2}.Release|Any CPU.ActiveCfg = Release|Any CPU
		{52B6DCD1-F499-408D-BC0B-55F39DAF0BD2}.Release|Any CPU.Build.0 = Release|Any CPU
		{5BFADD2C-A87F-41D9-9D12-1B6E713575AF}.Debug|Any CPU.ActiveCfg = Debug|Any CPU
		{5BFADD2C-A87F-41D9-9D12-1B6E713575AF}.Debug|Any CPU.Build.0 = Debug|Any CPU
		{5BFADD2C-A87F-41D9-9D12-1B6E713575AF}.Release|Any CPU.ActiveCfg = Release|Any CPU
		{5BFADD2C-A87F-41D9-9D12-1B6E713575AF}.Release|Any CPU.Build.0 = Release|Any CPU
		{459F15D1-623F-4EC3-9A2C-FFD27AAA6AAA}.Debug|Any CPU.ActiveCfg = Debug|Any CPU
		{459F15D1-623F-4EC3-9A2C-FFD27AAA6AAA}.Debug|Any CPU.Build.0 = Debug|Any CPU
		{459F15D1-623F-4EC3-9A2C-FFD27AAA6AAA}.Release|Any CPU.ActiveCfg = Release|Any CPU
		{459F15D1-623F-4EC3-9A2C-FFD27AAA6AAA}.Release|Any CPU.Build.0 = Release|Any CPU
		{085C9491-6B1A-4D15-9DEC-A13EB7272756}.Debug|Any CPU.ActiveCfg = Debug|Any CPU
		{085C9491-6B1A-4D15-9DEC-A13EB7272756}.Debug|Any CPU.Build.0 = Debug|Any CPU
		{085C9491-6B1A-4D15-9DEC-A13EB7272756}.Release|Any CPU.ActiveCfg = Release|Any CPU
		{085C9491-6B1A-4D15-9DEC-A13EB7272756}.Release|Any CPU.Build.0 = Release|Any CPU
		{0F35FEC6-B09D-437A-B1CD-BD00BF713A33}.Debug|Any CPU.ActiveCfg = Debug|Any CPU
		{0F35FEC6-B09D-437A-B1CD-BD00BF713A33}.Debug|Any CPU.Build.0 = Debug|Any CPU
		{0F35FEC6-B09D-437A-B1CD-BD00BF713A33}.Release|Any CPU.ActiveCfg = Release|Any CPU
		{0F35FEC6-B09D-437A-B1CD-BD00BF713A33}.Release|Any CPU.Build.0 = Release|Any CPU
		{AC1FBAA5-021B-4A16-B806-A5A95C9687C9}.Debug|Any CPU.ActiveCfg = Debug|Any CPU
		{AC1FBAA5-021B-4A16-B806-A5A95C9687C9}.Debug|Any CPU.Build.0 = Debug|Any CPU
		{AC1FBAA5-021B-4A16-B806-A5A95C9687C9}.Release|Any CPU.ActiveCfg = Release|Any CPU
		{AC1FBAA5-021B-4A16-B806-A5A95C9687C9}.Release|Any CPU.Build.0 = Release|Any CPU
		{5936871B-D013-4946-AA7C-380F12077DDD}.Debug|Any CPU.ActiveCfg = Debug|Any CPU
		{5936871B-D013-4946-AA7C-380F12077DDD}.Debug|Any CPU.Build.0 = Debug|Any CPU
		{5936871B-D013-4946-AA7C-380F12077DDD}.Release|Any CPU.ActiveCfg = Release|Any CPU
		{5936871B-D013-4946-AA7C-380F12077DDD}.Release|Any CPU.Build.0 = Release|Any CPU
		{F1BEAEB3-084C-4484-8BF4-DDD0BF22FC22}.Debug|Any CPU.ActiveCfg = Debug|Any CPU
		{F1BEAEB3-084C-4484-8BF4-DDD0BF22FC22}.Debug|Any CPU.Build.0 = Debug|Any CPU
		{F1BEAEB3-084C-4484-8BF4-DDD0BF22FC22}.Release|Any CPU.ActiveCfg = Release|Any CPU
		{F1BEAEB3-084C-4484-8BF4-DDD0BF22FC22}.Release|Any CPU.Build.0 = Release|Any CPU
		{16417943-9C10-46B9-84BD-F5DC243DDCB9}.Debug|Any CPU.ActiveCfg = Debug|Any CPU
		{16417943-9C10-46B9-84BD-F5DC243DDCB9}.Debug|Any CPU.Build.0 = Debug|Any CPU
		{16417943-9C10-46B9-84BD-F5DC243DDCB9}.Release|Any CPU.ActiveCfg = Release|Any CPU
		{16417943-9C10-46B9-84BD-F5DC243DDCB9}.Release|Any CPU.Build.0 = Release|Any CPU
		{DCBAF2A4-7D98-42E4-B00B-B463AE0773A6}.Debug|Any CPU.ActiveCfg = Debug|Any CPU
		{DCBAF2A4-7D98-42E4-B00B-B463AE0773A6}.Debug|Any CPU.Build.0 = Debug|Any CPU
		{DCBAF2A4-7D98-42E4-B00B-B463AE0773A6}.Release|Any CPU.ActiveCfg = Release|Any CPU
		{DCBAF2A4-7D98-42E4-B00B-B463AE0773A6}.Release|Any CPU.Build.0 = Release|Any CPU
	EndGlobalSection
	GlobalSection(SolutionProperties) = preSolution
		HideSolutionNode = FALSE
	EndGlobalSection
	GlobalSection(ExtensibilityGlobals) = postSolution
		SolutionGuid = {C6659A39-DE05-4BF9-9E13-860383A20CBB}
	EndGlobalSection
EndGlobal
